{
  "name": "Proyecto-Integrador-II",
  "lockfileVersion": 3,
  "requires": true,
  "packages": {
    "": {
      "dependencies": {
        "@stripe/stripe-js": "^3.5.0",
        "@types/stripe-v3": "^3.1.33"
      }
    },
    "node_modules/@stripe/stripe-js": {
      "version": "3.5.0",
      "resolved": "https://registry.npmjs.org/@stripe/stripe-js/-/stripe-js-3.5.0.tgz",
      "integrity": "sha512-pKS3wZnJoL1iTyGBXAvCwduNNeghJHY6QSRSNNvpYnrrQrLZ6Owsazjyynu0e0ObRgks0i7Rv+pe2M7/MBTZpQ==",
      "engines": {
        "node": ">=12.16"
      }
    },
    "node_modules/@types/stripe-v3": {
      "version": "3.1.33",
      "resolved": "https://registry.npmjs.org/@types/stripe-v3/-/stripe-v3-3.1.33.tgz",
      "integrity": "sha512-fIE7F7alypCrnIMsk4naprHf8kXEvPM2Q9FGdL/3TDeGM0xlHohdVWkwuaEZ2tKzXB9QQKoS8k+ocLkPjZajwQ=="
    }
  }
}
