{
  "name": "Proyecto-Integrador-II-1",
  "lockfileVersion": 3,
  "requires": true,
  "packages": {
    "": {
      "dependencies": {
        "@fullcalendar/core": "^6.1.11",
        "@fullcalendar/daygrid": "^6.1.11",
        "chart.js": "^4.4.2"
      }
    },
    "node_modules/@fullcalendar/core": {
      "version": "6.1.11",
      "resolved": "https://registry.npmjs.org/@fullcalendar/core/-/core-6.1.11.tgz",
      "integrity": "sha512-TjG7c8sUz+Vkui2FyCNJ+xqyu0nq653Ibe99A66LoW95oBo6tVhhKIaG1Wh0GVKymYiqAQN/OEdYTuj4ay27kA==",
      "dependencies": {
        "preact": "~10.12.1"
      }
    },
    "node_modules/@fullcalendar/daygrid": {
      "version": "6.1.11",
      "resolved": "https://registry.npmjs.org/@fullcalendar/daygrid/-/daygrid-6.1.11.tgz",
      "integrity": "sha512-hF5jJB7cgUIxWD5MVjj8IU407HISyLu7BWXcEIuTytkfr8oolOXeCazqnnjmRbnFOncoJQVstTtq6SIhaT32Xg==",
      "peerDependencies": {
        "@fullcalendar/core": "~6.1.11"
      }
    },
    "node_modules/@kurkle/color": {
      "version": "0.3.2",
      "resolved": "https://registry.npmjs.org/@kurkle/color/-/color-0.3.2.tgz",
      "integrity": "sha512-fuscdXJ9G1qb7W8VdHi+IwRqij3lBkosAm4ydQtEmbY58OzHXqQhvlxqEkoz0yssNVn38bcpRWgA9PP+OGoisw=="
    },
    "node_modules/chart.js": {
      "version": "4.4.2",
      "resolved": "https://registry.npmjs.org/chart.js/-/chart.js-4.4.2.tgz",
      "integrity": "sha512-6GD7iKwFpP5kbSD4MeRRRlTnQvxfQREy36uEtm1hzHzcOqwWx0YEHuspuoNlslu+nciLIB7fjjsHkUv/FzFcOg==",
      "dependencies": {
        "@kurkle/color": "^0.3.0"
      },
      "engines": {
        "pnpm": ">=8"
      }
    },
    "node_modules/preact": {
      "version": "10.12.1",
      "resolved": "https://registry.npmjs.org/preact/-/preact-10.12.1.tgz",
      "integrity": "sha512-l8386ixSsBdbreOAkqtrwqHwdvR35ID8c3rKPa8lCWuO86dBi32QWHV4vfsZK1utLLFMvw+Z5Ad4XLkZzchscg==",
      "funding": {
        "type": "opencollective",
        "url": "https://opencollective.com/preact"
      }
    }
  }
}
